
Microsoft Visual Studio Solution File, Format Version 11.00
# Visual Studio 2010
Project("{FAE04EC0-301F-11D3-BF4B-00C04F79EFBC}") = "NextPvrWebConsole", "NextPvrWebConsole\NextPvrWebConsole.csproj", "{A9FAD5BD-6695-4566-943F-5BA317ED8D0B}"
EndProject
Project("{FAE04EC0-301F-11D3-BF4B-00C04F79EFBC}") = "NextPvrWebConsole.Tests", "NextPvrWebConsole.Tests\NextPvrWebConsole.Tests.csproj", "{31D047C9-2FA6-4B16-B7AC-36D8ECD483EE}"
EndProject
Project("{6141683F-8A12-4E36-9623-2EB02B2C2303}") = "NextPvrWebConsole.InstallSheildLE.Setup", "NextPvrWebConsole.InstallSheildLE.Setup\NextPvrWebConsole.InstallSheildLE.Setup.isproj", "{026EBD28-FC49-46B0-B2C5-C775FE28B327}"
	ProjectSection(ProjectDependencies) = postProject
		{A9FAD5BD-6695-4566-943F-5BA317ED8D0B} = {A9FAD5BD-6695-4566-943F-5BA317ED8D0B}
		{A9FAD5BD-6695-4566-943F-5BA317ED8D0B} = {A9FAD5BD-6695-4566-943F-5BA317ED8D0B}
	EndProjectSection
EndProject
Project("{FAE04EC0-301F-11D3-BF4B-00C04F79EFBC}") = "NextPvrWebConsoleInstaller", "NextPvrWebConsoleInstaller\NextPvrWebConsoleInstaller.csproj", "{50042BC4-C5E9-4DEC-94DA-B83321B8C71A}"
EndProject
Global
	GlobalSection(SolutionConfigurationPlatforms) = preSolution
		CD_ROM|Any CPU = CD_ROM|Any CPU
		Debug|Any CPU = Debug|Any CPU
		DVD-5|Any CPU = DVD-5|Any CPU
		Release|Any CPU = Release|Any CPU
		SingleImage|Any CPU = SingleImage|Any CPU
	EndGlobalSection
	GlobalSection(ProjectConfigurationPlatforms) = postSolution
		{A9FAD5BD-6695-4566-943F-5BA317ED8D0B}.CD_ROM|Any CPU.ActiveCfg = Release|Any CPU
		{A9FAD5BD-6695-4566-943F-5BA317ED8D0B}.CD_ROM|Any CPU.Build.0 = Release|Any CPU
		{A9FAD5BD-6695-4566-943F-5BA317ED8D0B}.Debug|Any CPU.ActiveCfg = Debug|Any CPU
		{A9FAD5BD-6695-4566-943F-5BA317ED8D0B}.Debug|Any CPU.Build.0 = Debug|Any CPU
		{A9FAD5BD-6695-4566-943F-5BA317ED8D0B}.DVD-5|Any CPU.ActiveCfg = Debug|Any CPU
		{A9FAD5BD-6695-4566-943F-5BA317ED8D0B}.DVD-5|Any CPU.Build.0 = Debug|Any CPU
		{A9FAD5BD-6695-4566-943F-5BA317ED8D0B}.Release|Any CPU.ActiveCfg = Release|Any CPU
		{A9FAD5BD-6695-4566-943F-5BA317ED8D0B}.Release|Any CPU.Build.0 = Release|Any CPU
		{A9FAD5BD-6695-4566-943F-5BA317ED8D0B}.SingleImage|Any CPU.ActiveCfg = Release|Any CPU
		{A9FAD5BD-6695-4566-943F-5BA317ED8D0B}.SingleImage|Any CPU.Build.0 = Release|Any CPU
		{31D047C9-2FA6-4B16-B7AC-36D8ECD483EE}.CD_ROM|Any CPU.ActiveCfg = Release|Any CPU
		{31D047C9-2FA6-4B16-B7AC-36D8ECD483EE}.CD_ROM|Any CPU.Build.0 = Release|Any CPU
		{31D047C9-2FA6-4B16-B7AC-36D8ECD483EE}.Debug|Any CPU.ActiveCfg = Debug|Any CPU
		{31D047C9-2FA6-4B16-B7AC-36D8ECD483EE}.Debug|Any CPU.Build.0 = Debug|Any CPU
		{31D047C9-2FA6-4B16-B7AC-36D8ECD483EE}.DVD-5|Any CPU.ActiveCfg = Debug|Any CPU
		{31D047C9-2FA6-4B16-B7AC-36D8ECD483EE}.DVD-5|Any CPU.Build.0 = Debug|Any CPU
		{31D047C9-2FA6-4B16-B7AC-36D8ECD483EE}.Release|Any CPU.ActiveCfg = Release|Any CPU
		{31D047C9-2FA6-4B16-B7AC-36D8ECD483EE}.Release|Any CPU.Build.0 = Release|Any CPU
		{31D047C9-2FA6-4B16-B7AC-36D8ECD483EE}.SingleImage|Any CPU.ActiveCfg = Release|Any CPU
		{31D047C9-2FA6-4B16-B7AC-36D8ECD483EE}.SingleImage|Any CPU.Build.0 = Release|Any CPU
		{026EBD28-FC49-46B0-B2C5-C775FE28B327}.CD_ROM|Any CPU.ActiveCfg = CD_ROM
		{026EBD28-FC49-46B0-B2C5-C775FE28B327}.CD_ROM|Any CPU.Build.0 = CD_ROM
		{026EBD28-FC49-46B0-B2C5-C775FE28B327}.Debug|Any CPU.ActiveCfg = DVD-5
		{026EBD28-FC49-46B0-B2C5-C775FE28B327}.DVD-5|Any CPU.ActiveCfg = DVD-5
		{026EBD28-FC49-46B0-B2C5-C775FE28B327}.DVD-5|Any CPU.Build.0 = DVD-5
		{026EBD28-FC49-46B0-B2C5-C775FE28B327}.Release|Any CPU.ActiveCfg = SingleImage
		{026EBD28-FC49-46B0-B2C5-C775FE28B327}.Release|Any CPU.Build.0 = SingleImage
		{026EBD28-FC49-46B0-B2C5-C775FE28B327}.SingleImage|Any CPU.ActiveCfg = SingleImage
		{026EBD28-FC49-46B0-B2C5-C775FE28B327}.SingleImage|Any CPU.Build.0 = SingleImage
		{50042BC4-C5E9-4DEC-94DA-B83321B8C71A}.CD_ROM|Any CPU.ActiveCfg = Release|Any CPU
		{50042BC4-C5E9-4DEC-94DA-B83321B8C71A}.CD_ROM|Any CPU.Build.0 = Release|Any CPU
		{50042BC4-C5E9-4DEC-94DA-B83321B8C71A}.Debug|Any CPU.ActiveCfg = Debug|Any CPU
		{50042BC4-C5E9-4DEC-94DA-B83321B8C71A}.DVD-5|Any CPU.ActiveCfg = Debug|Any CPU
		{50042BC4-C5E9-4DEC-94DA-B83321B8C71A}.DVD-5|Any CPU.Build.0 = Debug|Any CPU
		{50042BC4-C5E9-4DEC-94DA-B83321B8C71A}.Release|Any CPU.ActiveCfg = Release|Any CPU
		{50042BC4-C5E9-4DEC-94DA-B83321B8C71A}.Release|Any CPU.Build.0 = Release|Any CPU
		{50042BC4-C5E9-4DEC-94DA-B83321B8C71A}.SingleImage|Any CPU.ActiveCfg = Release|Any CPU
		{50042BC4-C5E9-4DEC-94DA-B83321B8C71A}.SingleImage|Any CPU.Build.0 = Release|Any CPU
	EndGlobalSection
	GlobalSection(SolutionProperties) = preSolution
		HideSolutionNode = FALSE
	EndGlobalSection
EndGlobal
